
Microsoft Visual Studio Solution File, Format Version 12.00
# Visual Studio 15
VisualStudioVersion = 15.0.27703.2000
MinimumVisualStudioVersion = 10.0.40219.1
Project("{8BC9CEB8-8B4A-11D0-8D11-00A0C91BC942}") = "run-managed-dll", "run-managed-dll.vcxproj", "{55923144-2CD3-46F9-A9F1-8DDD29732B3C}"
EndProject
Project("{FAE04EC0-301F-11D3-BF4B-00C04F79EFBC}") = "LoadMe", "LoadMe\LoadMe.csproj", "{F34B23E7-B875-4DE5-9F81-95AF56ACD894}"
EndProject
Global
	GlobalSection(SolutionConfigurationPlatforms) = preSolution
		Debug|x64 = Debug|x64
		Debug|x86 = Debug|x86
		Release|x64 = Release|x64
		Release|x86 = Release|x86
	EndGlobalSection
	GlobalSection(ProjectConfigurationPlatforms) = postSolution
		{55923144-2CD3-46F9-A9F1-8DDD29732B3C}.Debug|x64.ActiveCfg = Debug|x64
		{55923144-2CD3-46F9-A9F1-8DDD29732B3C}.Debug|x64.Build.0 = Debug|x64
		{55923144-2CD3-46F9-A9F1-8DDD29732B3C}.Debug|x86.ActiveCfg = Debug|Win32
		{55923144-2CD3-46F9-A9F1-8DDD29732B3C}.Debug|x86.Build.0 = Debug|Win32
		{55923144-2CD3-46F9-A9F1-8DDD29732B3C}.Release|x64.ActiveCfg = Release|x64
		{55923144-2CD3-46F9-A9F1-8DDD29732B3C}.Release|x64.Build.0 = Release|x64
		{55923144-2CD3-46F9-A9F1-8DDD29732B3C}.Release|x86.ActiveCfg = Release|Win32
		{55923144-2CD3-46F9-A9F1-8DDD29732B3C}.Release|x86.Build.0 = Release|Win32
		{F34B23E7-B875-4DE5-9F81-95AF56ACD894}.Debug|x64.ActiveCfg = Debug|Any CPU
		{F34B23E7-B875-4DE5-9F81-95AF56ACD894}.Debug|x64.Build.0 = Debug|Any CPU
		{F34B23E7-B875-4DE5-9F81-95AF56ACD894}.Debug|x86.ActiveCfg = Debug|Any CPU
		{F34B23E7-B875-4DE5-9F81-95AF56ACD894}.Debug|x86.Build.0 = Debug|Any CPU
		{F34B23E7-B875-4DE5-9F81-95AF56ACD894}.Release|x64.ActiveCfg = Release|Any CPU
		{F34B23E7-B875-4DE5-9F81-95AF56ACD894}.Release|x64.Build.0 = Release|Any CPU
		{F34B23E7-B875-4DE5-9F81-95AF56ACD894}.Release|x86.ActiveCfg = Release|Any CPU
		{F34B23E7-B875-4DE5-9F81-95AF56ACD894}.Release|x86.Build.0 = Release|Any CPU
	EndGlobalSection
	GlobalSection(SolutionProperties) = preSolution
		HideSolutionNode = FALSE
	EndGlobalSection
	GlobalSection(ExtensibilityGlobals) = postSolution
		SolutionGuid = {CA5483B1-E4E1-4D27-B1ED-DA0B76C78A3E}
	EndGlobalSection
EndGlobal
